
Microsoft Visual Studio Solution File, Format Version 12.00
# Visual Studio Version 16
VisualStudioVersion = 16.0.31112.23
MinimumVisualStudioVersion = 10.0.40219.1
Project("{9A19103F-16F7-4668-BE54-9A1E7A4F7556}") = "WebApplication.Web", "WebApplication.Web.csproj", "{17F98546-F5C5-43EA-A5A4-DCBC824D3F66}"
EndProject
Project("{9A19103F-16F7-4668-BE54-9A1E7A4F7556}") = "WebApplication.Datamodel", "..\WebApplication.Datamodel\WebApplication.Datamodel.csproj", "{44204D9A-5790-4E01-817E-761F6D3CB42C}"
EndProject
Global
	GlobalSection(SolutionConfigurationPlatforms) = preSolution
		Debug|Any CPU = Debug|Any CPU
		Release|Any CPU = Release|Any CPU
	EndGlobalSection
	GlobalSection(ProjectConfigurationPlatforms) = postSolution
		{17F98546-F5C5-43EA-A5A4-DCBC824D3F66}.Debug|Any CPU.ActiveCfg = Debug|Any CPU
		{17F98546-F5C5-43EA-A5A4-DCBC824D3F66}.Debug|Any CPU.Build.0 = Debug|Any CPU
		{17F98546-F5C5-43EA-A5A4-DCBC824D3F66}.Release|Any CPU.ActiveCfg = Release|Any CPU
		{17F98546-F5C5-43EA-A5A4-DCBC824D3F66}.Release|Any CPU.Build.0 = Release|Any CPU
		{44204D9A-5790-4E01-817E-761F6D3CB42C}.Debug|Any CPU.ActiveCfg = Debug|Any CPU
		{44204D9A-5790-4E01-817E-761F6D3CB42C}.Debug|Any CPU.Build.0 = Debug|Any CPU
		{44204D9A-5790-4E01-817E-761F6D3CB42C}.Release|Any CPU.ActiveCfg = Release|Any CPU
		{44204D9A-5790-4E01-817E-761F6D3CB42C}.Release|Any CPU.Build.0 = Release|Any CPU
	EndGlobalSection
	GlobalSection(SolutionProperties) = preSolution
		HideSolutionNode = FALSE
	EndGlobalSection
	GlobalSection(ExtensibilityGlobals) = postSolution
		SolutionGuid = {94B2FF92-0836-4337-AE06-67BD89487357}
	EndGlobalSection
EndGlobal
